
Microsoft Visual Studio Solution File, Format Version 12.00
# Visual Studio Version 16
VisualStudioVersion = 16.0.30523.141
MinimumVisualStudioVersion = 10.0.40219.1
Project("{9A19103F-16F7-4668-BE54-9A1E7A4F7556}") = "Core", "Core\Core.csproj", "{D0BBE11F-F357-490E-BF9C-B9A70B65D8A5}"
EndProject
Project("{FAE04EC0-301F-11D3-BF4B-00C04F79EFBC}") = "Core.DataAccess", "Core.DataAccess\Core.DataAccess.csproj", "{F3C3D75D-8E90-4941-8C57-6A4C1DE0078E}"
EndProject
Global
	GlobalSection(SolutionConfigurationPlatforms) = preSolution
		Debug|Any CPU = Debug|Any CPU
		Release|Any CPU = Release|Any CPU
	EndGlobalSection
	GlobalSection(ProjectConfigurationPlatforms) = postSolution
		{D0BBE11F-F357-490E-BF9C-B9A70B65D8A5}.Debug|Any CPU.ActiveCfg = Debug|Any CPU
		{D0BBE11F-F357-490E-BF9C-B9A70B65D8A5}.Debug|Any CPU.Build.0 = Debug|Any CPU
		{D0BBE11F-F357-490E-BF9C-B9A70B65D8A5}.Release|Any CPU.ActiveCfg = Release|Any CPU
		{D0BBE11F-F357-490E-BF9C-B9A70B65D8A5}.Release|Any CPU.Build.0 = Release|Any CPU
		{F3C3D75D-8E90-4941-8C57-6A4C1DE0078E}.Debug|Any CPU.ActiveCfg = Debug|Any CPU
		{F3C3D75D-8E90-4941-8C57-6A4C1DE0078E}.Debug|Any CPU.Build.0 = Debug|Any CPU
		{F3C3D75D-8E90-4941-8C57-6A4C1DE0078E}.Release|Any CPU.ActiveCfg = Release|Any CPU
		{F3C3D75D-8E90-4941-8C57-6A4C1DE0078E}.Release|Any CPU.Build.0 = Release|Any CPU
	EndGlobalSection
	GlobalSection(SolutionProperties) = preSolution
		HideSolutionNode = FALSE
	EndGlobalSection
	GlobalSection(ExtensibilityGlobals) = postSolution
		SolutionGuid = {A5C6367C-33A6-48F5-879B-2F9670FC9904}
	EndGlobalSection
EndGlobal
